
Microsoft Visual Studio Solution File, Format Version 12.00
# Visual Studio Version 16
VisualStudioVersion = 16.0.30621.155
MinimumVisualStudioVersion = 10.0.40219.1
Project("{FAE04EC0-301F-11D3-BF4B-00C04F79EFBC}") = "Dizi-1", "Dizi-1\Dizi-1.csproj", "{86A92952-4835-4CE9-A465-3A1079150152}"
EndProject
Project("{FAE04EC0-301F-11D3-BF4B-00C04F79EFBC}") = "Dizi-2", "Dizi-2\Dizi-2.csproj", "{45334C45-F540-478A-A018-010C409690D1}"
EndProject
Project("{FAE04EC0-301F-11D3-BF4B-00C04F79EFBC}") = "Foreach", "Foreach\Foreach.csproj", "{4057C5A7-3FBF-4AF9-828C-3B5A8CC7803C}"
EndProject
Global
	GlobalSection(SolutionConfigurationPlatforms) = preSolution
		Debug|Any CPU = Debug|Any CPU
		Release|Any CPU = Release|Any CPU
	EndGlobalSection
	GlobalSection(ProjectConfigurationPlatforms) = postSolution
		{86A92952-4835-4CE9-A465-3A1079150152}.Debug|Any CPU.ActiveCfg = Debug|Any CPU
		{86A92952-4835-4CE9-A465-3A1079150152}.Debug|Any CPU.Build.0 = Debug|Any CPU
		{86A92952-4835-4CE9-A465-3A1079150152}.Release|Any CPU.ActiveCfg = Release|Any CPU
		{86A92952-4835-4CE9-A465-3A1079150152}.Release|Any CPU.Build.0 = Release|Any CPU
		{45334C45-F540-478A-A018-010C409690D1}.Debug|Any CPU.ActiveCfg = Debug|Any CPU
		{45334C45-F540-478A-A018-010C409690D1}.Debug|Any CPU.Build.0 = Debug|Any CPU
		{45334C45-F540-478A-A018-010C409690D1}.Release|Any CPU.ActiveCfg = Release|Any CPU
		{45334C45-F540-478A-A018-010C409690D1}.Release|Any CPU.Build.0 = Release|Any CPU
		{4057C5A7-3FBF-4AF9-828C-3B5A8CC7803C}.Debug|Any CPU.ActiveCfg = Debug|Any CPU
		{4057C5A7-3FBF-4AF9-828C-3B5A8CC7803C}.Debug|Any CPU.Build.0 = Debug|Any CPU
		{4057C5A7-3FBF-4AF9-828C-3B5A8CC7803C}.Release|Any CPU.ActiveCfg = Release|Any CPU
		{4057C5A7-3FBF-4AF9-828C-3B5A8CC7803C}.Release|Any CPU.Build.0 = Release|Any CPU
	EndGlobalSection
	GlobalSection(SolutionProperties) = preSolution
		HideSolutionNode = FALSE
	EndGlobalSection
	GlobalSection(ExtensibilityGlobals) = postSolution
		SolutionGuid = {0F6363F7-4289-4F3B-BDE2-6C193364A78D}
	EndGlobalSection
EndGlobal
