
Microsoft Visual Studio Solution File, Format Version 12.00
# Visual Studio Version 16
VisualStudioVersion = 16.0.30621.155
MinimumVisualStudioVersion = 10.0.40219.1
Project("{FAE04EC0-301F-11D3-BF4B-00C04F79EFBC}") = "RandomKomutu", "RandomKomutu\RandomKomutu.csproj", "{C351F76F-F3C7-43B0-B909-C74DA314CE2C}"
EndProject
Project("{FAE04EC0-301F-11D3-BF4B-00C04F79EFBC}") = "SayisalLoto", "SayisalLoto\SayisalLoto.csproj", "{03C323B0-9C0E-4F12-8683-02D70D924E65}"
EndProject
Project("{FAE04EC0-301F-11D3-BF4B-00C04F79EFBC}") = "Captcha", "Captcha\Captcha.csproj", "{6A80CC99-D110-4C25-869B-B94242EFCF1F}"
EndProject
Project("{FAE04EC0-301F-11D3-BF4B-00C04F79EFBC}") = "Formlar_Arası_Geçiş", "Formlar_Arası_Geçiş\Formlar_Arası_Geçiş.csproj", "{771225A9-A144-4988-9BAD-8C5D896071B3}"
EndProject
Project("{FAE04EC0-301F-11D3-BF4B-00C04F79EFBC}") = "Formlar_Arası_VeriTaşıma", "Formlar_Arası_VeriTaşıma\Formlar_Arası_VeriTaşıma.csproj", "{B7D89782-828E-4613-B4D6-7C09EAF6AE49}"
EndProject
Project("{FAE04EC0-301F-11D3-BF4B-00C04F79EFBC}") = "Point_Yapısı", "Point_Yapısı\Point_Yapısı.csproj", "{E88BAA7C-89A9-4A17-9929-806E40238014}"
EndProject
Project("{FAE04EC0-301F-11D3-BF4B-00C04F79EFBC}") = "Enum_Yapısı", "Enum_Yapısı\Enum_Yapısı.csproj", "{940817BF-DAE2-4039-AF58-59A4F7F2AEE6}"
EndProject
Project("{FAE04EC0-301F-11D3-BF4B-00C04F79EFBC}") = "Matematik_Fonksiyonları", "Matematik_Fonksiyonları\Matematik_Fonksiyonları.csproj", "{B02DDA08-1A47-4E90-9018-86A832CB4343}"
EndProject
Project("{FAE04EC0-301F-11D3-BF4B-00C04F79EFBC}") = "Dinamik_Araçlar", "Dinamik_Araçlar\Dinamik_Araçlar.csproj", "{F2F31A9C-3354-4C69-B057-DF0C7BF45746}"
EndProject
Global
	GlobalSection(SolutionConfigurationPlatforms) = preSolution
		Debug|Any CPU = Debug|Any CPU
		Release|Any CPU = Release|Any CPU
	EndGlobalSection
	GlobalSection(ProjectConfigurationPlatforms) = postSolution
		{C351F76F-F3C7-43B0-B909-C74DA314CE2C}.Debug|Any CPU.ActiveCfg = Debug|Any CPU
		{C351F76F-F3C7-43B0-B909-C74DA314CE2C}.Debug|Any CPU.Build.0 = Debug|Any CPU
		{C351F76F-F3C7-43B0-B909-C74DA314CE2C}.Release|Any CPU.ActiveCfg = Release|Any CPU
		{C351F76F-F3C7-43B0-B909-C74DA314CE2C}.Release|Any CPU.Build.0 = Release|Any CPU
		{03C323B0-9C0E-4F12-8683-02D70D924E65}.Debug|Any CPU.ActiveCfg = Debug|Any CPU
		{03C323B0-9C0E-4F12-8683-02D70D924E65}.Debug|Any CPU.Build.0 = Debug|Any CPU
		{03C323B0-9C0E-4F12-8683-02D70D924E65}.Release|Any CPU.ActiveCfg = Release|Any CPU
		{03C323B0-9C0E-4F12-8683-02D70D924E65}.Release|Any CPU.Build.0 = Release|Any CPU
		{6A80CC99-D110-4C25-869B-B94242EFCF1F}.Debug|Any CPU.ActiveCfg = Debug|Any CPU
		{6A80CC99-D110-4C25-869B-B94242EFCF1F}.Debug|Any CPU.Build.0 = Debug|Any CPU
		{6A80CC99-D110-4C25-869B-B94242EFCF1F}.Release|Any CPU.ActiveCfg = Release|Any CPU
		{6A80CC99-D110-4C25-869B-B94242EFCF1F}.Release|Any CPU.Build.0 = Release|Any CPU
		{771225A9-A144-4988-9BAD-8C5D896071B3}.Debug|Any CPU.ActiveCfg = Debug|Any CPU
		{771225A9-A144-4988-9BAD-8C5D896071B3}.Debug|Any CPU.Build.0 = Debug|Any CPU
		{771225A9-A144-4988-9BAD-8C5D896071B3}.Release|Any CPU.ActiveCfg = Release|Any CPU
		{771225A9-A144-4988-9BAD-8C5D896071B3}.Release|Any CPU.Build.0 = Release|Any CPU
		{B7D89782-828E-4613-B4D6-7C09EAF6AE49}.Debug|Any CPU.ActiveCfg = Debug|Any CPU
		{B7D89782-828E-4613-B4D6-7C09EAF6AE49}.Debug|Any CPU.Build.0 = Debug|Any CPU
		{B7D89782-828E-4613-B4D6-7C09EAF6AE49}.Release|Any CPU.ActiveCfg = Release|Any CPU
		{B7D89782-828E-4613-B4D6-7C09EAF6AE49}.Release|Any CPU.Build.0 = Release|Any CPU
		{E88BAA7C-89A9-4A17-9929-806E40238014}.Debug|Any CPU.ActiveCfg = Debug|Any CPU
		{E88BAA7C-89A9-4A17-9929-806E40238014}.Debug|Any CPU.Build.0 = Debug|Any CPU
		{E88BAA7C-89A9-4A17-9929-806E40238014}.Release|Any CPU.ActiveCfg = Release|Any CPU
		{E88BAA7C-89A9-4A17-9929-806E40238014}.Release|Any CPU.Build.0 = Release|Any CPU
		{940817BF-DAE2-4039-AF58-59A4F7F2AEE6}.Debug|Any CPU.ActiveCfg = Debug|Any CPU
		{940817BF-DAE2-4039-AF58-59A4F7F2AEE6}.Debug|Any CPU.Build.0 = Debug|Any CPU
		{940817BF-DAE2-4039-AF58-59A4F7F2AEE6}.Release|Any CPU.ActiveCfg = Release|Any CPU
		{940817BF-DAE2-4039-AF58-59A4F7F2AEE6}.Release|Any CPU.Build.0 = Release|Any CPU
		{B02DDA08-1A47-4E90-9018-86A832CB4343}.Debug|Any CPU.ActiveCfg = Debug|Any CPU
		{B02DDA08-1A47-4E90-9018-86A832CB4343}.Debug|Any CPU.Build.0 = Debug|Any CPU
		{B02DDA08-1A47-4E90-9018-86A832CB4343}.Release|Any CPU.ActiveCfg = Release|Any CPU
		{B02DDA08-1A47-4E90-9018-86A832CB4343}.Release|Any CPU.Build.0 = Release|Any CPU
		{F2F31A9C-3354-4C69-B057-DF0C7BF45746}.Debug|Any CPU.ActiveCfg = Debug|Any CPU
		{F2F31A9C-3354-4C69-B057-DF0C7BF45746}.Debug|Any CPU.Build.0 = Debug|Any CPU
		{F2F31A9C-3354-4C69-B057-DF0C7BF45746}.Release|Any CPU.ActiveCfg = Release|Any CPU
		{F2F31A9C-3354-4C69-B057-DF0C7BF45746}.Release|Any CPU.Build.0 = Release|Any CPU
	EndGlobalSection
	GlobalSection(SolutionProperties) = preSolution
		HideSolutionNode = FALSE
	EndGlobalSection
	GlobalSection(ExtensibilityGlobals) = postSolution
		SolutionGuid = {F9CF0B8C-DE3E-4E71-8AD3-692265A999FA}
	EndGlobalSection
EndGlobal
